
Microsoft Visual Studio Solution File, Format Version 12.00
# Visual Studio 15
VisualStudioVersion = 15.0.28307.539
MinimumVisualStudioVersion = 10.0.40219.1
Project("{FAE04EC0-301F-11D3-BF4B-00C04F79EFBC}") = "Infrastructure", "Infrastructure\Infrastructure.csproj", "{B03A6153-6D7C-4E79-9AB9-562363FA92A6}"
EndProject
Project("{FAE04EC0-301F-11D3-BF4B-00C04F79EFBC}") = "Model", "Model\Model.csproj", "{D0EE799D-EA85-4545-B774-15485EE4069B}"
EndProject
Global
	GlobalSection(SolutionConfigurationPlatforms) = preSolution
		Debug|Any CPU = Debug|Any CPU
		Release|Any CPU = Release|Any CPU
	EndGlobalSection
	GlobalSection(ProjectConfigurationPlatforms) = postSolution
		{B03A6153-6D7C-4E79-9AB9-562363FA92A6}.Debug|Any CPU.ActiveCfg = Debug|Any CPU
		{B03A6153-6D7C-4E79-9AB9-562363FA92A6}.Debug|Any CPU.Build.0 = Debug|Any CPU
		{B03A6153-6D7C-4E79-9AB9-562363FA92A6}.Release|Any CPU.ActiveCfg = Release|Any CPU
		{B03A6153-6D7C-4E79-9AB9-562363FA92A6}.Release|Any CPU.Build.0 = Release|Any CPU
		{D0EE799D-EA85-4545-B774-15485EE4069B}.Debug|Any CPU.ActiveCfg = Debug|Any CPU
		{D0EE799D-EA85-4545-B774-15485EE4069B}.Debug|Any CPU.Build.0 = Debug|Any CPU
		{D0EE799D-EA85-4545-B774-15485EE4069B}.Release|Any CPU.ActiveCfg = Release|Any CPU
		{D0EE799D-EA85-4545-B774-15485EE4069B}.Release|Any CPU.Build.0 = Release|Any CPU
	EndGlobalSection
	GlobalSection(SolutionProperties) = preSolution
		HideSolutionNode = FALSE
	EndGlobalSection
	GlobalSection(ExtensibilityGlobals) = postSolution
		SolutionGuid = {67085BB3-B64C-43E3-85BB-7CDA40CAEED5}
	EndGlobalSection
EndGlobal
